
Microsoft Visual Studio Solution File, Format Version 12.00
# Visual Studio 15
VisualStudioVersion = 15.0.28307.779
MinimumVisualStudioVersion = 10.0.40219.1
Project("{FAE04EC0-301F-11D3-BF4B-00C04F79EFBC}") = "DungSaiTool", "DungSaiTool\DungSaiTool.csproj", "{DF317BAB-EEC0-48CD-85D2-36CF0A691957}"
EndProject
Project("{FAE04EC0-301F-11D3-BF4B-00C04F79EFBC}") = "Services", "Services\Services.csproj", "{EA2759F8-0DAF-4E43-9600-8D33B270E2A7}"
EndProject
Project("{FAE04EC0-301F-11D3-BF4B-00C04F79EFBC}") = "Entities", "Entities\Entities.csproj", "{F3C151B8-913D-4BA6-89A4-D4E947909DF1}"
EndProject
Project("{FAE04EC0-301F-11D3-BF4B-00C04F79EFBC}") = "BUS", "BUS\BUS.csproj", "{DD316D6C-2FDB-4912-A004-D7FB2A0DDCE3}"
EndProject
Project("{FAE04EC0-301F-11D3-BF4B-00C04F79EFBC}") = "DAL", "DAL\DAL.csproj", "{B955D1DD-532B-4E67-B7A5-4DE6FD08BFC2}"
EndProject
Project("{FAE04EC0-301F-11D3-BF4B-00C04F79EFBC}") = "SQLiteHelper", "SQLiteHelper\SQLiteHelper.csproj", "{AA7BA82E-7F9E-4054-B370-644550658C9E}"
EndProject
Global
	GlobalSection(SolutionConfigurationPlatforms) = preSolution
		Debug|Any CPU = Debug|Any CPU
		Release|Any CPU = Release|Any CPU
	EndGlobalSection
	GlobalSection(ProjectConfigurationPlatforms) = postSolution
		{DF317BAB-EEC0-48CD-85D2-36CF0A691957}.Debug|Any CPU.ActiveCfg = Debug|Any CPU
		{DF317BAB-EEC0-48CD-85D2-36CF0A691957}.Debug|Any CPU.Build.0 = Debug|Any CPU
		{DF317BAB-EEC0-48CD-85D2-36CF0A691957}.Release|Any CPU.ActiveCfg = Release|Any CPU
		{DF317BAB-EEC0-48CD-85D2-36CF0A691957}.Release|Any CPU.Build.0 = Release|Any CPU
		{EA2759F8-0DAF-4E43-9600-8D33B270E2A7}.Debug|Any CPU.ActiveCfg = Debug|Any CPU
		{EA2759F8-0DAF-4E43-9600-8D33B270E2A7}.Debug|Any CPU.Build.0 = Debug|Any CPU
		{EA2759F8-0DAF-4E43-9600-8D33B270E2A7}.Release|Any CPU.ActiveCfg = Release|Any CPU
		{EA2759F8-0DAF-4E43-9600-8D33B270E2A7}.Release|Any CPU.Build.0 = Release|Any CPU
		{F3C151B8-913D-4BA6-89A4-D4E947909DF1}.Debug|Any CPU.ActiveCfg = Debug|Any CPU
		{F3C151B8-913D-4BA6-89A4-D4E947909DF1}.Debug|Any CPU.Build.0 = Debug|Any CPU
		{F3C151B8-913D-4BA6-89A4-D4E947909DF1}.Release|Any CPU.ActiveCfg = Release|Any CPU
		{F3C151B8-913D-4BA6-89A4-D4E947909DF1}.Release|Any CPU.Build.0 = Release|Any CPU
		{DD316D6C-2FDB-4912-A004-D7FB2A0DDCE3}.Debug|Any CPU.ActiveCfg = Debug|Any CPU
		{DD316D6C-2FDB-4912-A004-D7FB2A0DDCE3}.Debug|Any CPU.Build.0 = Debug|Any CPU
		{DD316D6C-2FDB-4912-A004-D7FB2A0DDCE3}.Release|Any CPU.ActiveCfg = Release|Any CPU
		{DD316D6C-2FDB-4912-A004-D7FB2A0DDCE3}.Release|Any CPU.Build.0 = Release|Any CPU
		{B955D1DD-532B-4E67-B7A5-4DE6FD08BFC2}.Debug|Any CPU.ActiveCfg = Debug|Any CPU
		{B955D1DD-532B-4E67-B7A5-4DE6FD08BFC2}.Debug|Any CPU.Build.0 = Debug|Any CPU
		{B955D1DD-532B-4E67-B7A5-4DE6FD08BFC2}.Release|Any CPU.ActiveCfg = Release|Any CPU
		{B955D1DD-532B-4E67-B7A5-4DE6FD08BFC2}.Release|Any CPU.Build.0 = Release|Any CPU
		{AA7BA82E-7F9E-4054-B370-644550658C9E}.Debug|Any CPU.ActiveCfg = Debug|Any CPU
		{AA7BA82E-7F9E-4054-B370-644550658C9E}.Debug|Any CPU.Build.0 = Debug|Any CPU
		{AA7BA82E-7F9E-4054-B370-644550658C9E}.Release|Any CPU.ActiveCfg = Release|Any CPU
		{AA7BA82E-7F9E-4054-B370-644550658C9E}.Release|Any CPU.Build.0 = Release|Any CPU
	EndGlobalSection
	GlobalSection(SolutionProperties) = preSolution
		HideSolutionNode = FALSE
	EndGlobalSection
	GlobalSection(ExtensibilityGlobals) = postSolution
		SolutionGuid = {45801106-5DC7-42CB-BE24-38DC9D2A260D}
	EndGlobalSection
EndGlobal
